
Microsoft Visual Studio Solution File, Format Version 12.00
# Visual Studio Version 17
VisualStudioVersion = 17.1.32319.34
MinimumVisualStudioVersion = 10.0.40219.1
Project("{FAE04EC0-301F-11D3-BF4B-00C04F79EFBC}") = "IotDevice_Console", "IotDevice_Console\IotDevice_Console.csproj", "{1EC84DD7-8FCF-472F-AA5F-F7078DD18D87}"
EndProject
Project("{FAE04EC0-301F-11D3-BF4B-00C04F79EFBC}") = "AzureFunctions", "AzureFunctions\AzureFunctions.csproj", "{A795CF09-2A71-4355-B5F2-5B86EF16AE73}"
EndProject
Global
	GlobalSection(SolutionConfigurationPlatforms) = preSolution
		Debug|Any CPU = Debug|Any CPU
		Release|Any CPU = Release|Any CPU
	EndGlobalSection
	GlobalSection(ProjectConfigurationPlatforms) = postSolution
		{1EC84DD7-8FCF-472F-AA5F-F7078DD18D87}.Debug|Any CPU.ActiveCfg = Debug|Any CPU
		{1EC84DD7-8FCF-472F-AA5F-F7078DD18D87}.Debug|Any CPU.Build.0 = Debug|Any CPU
		{1EC84DD7-8FCF-472F-AA5F-F7078DD18D87}.Release|Any CPU.ActiveCfg = Release|Any CPU
		{1EC84DD7-8FCF-472F-AA5F-F7078DD18D87}.Release|Any CPU.Build.0 = Release|Any CPU
		{A795CF09-2A71-4355-B5F2-5B86EF16AE73}.Debug|Any CPU.ActiveCfg = Debug|Any CPU
		{A795CF09-2A71-4355-B5F2-5B86EF16AE73}.Debug|Any CPU.Build.0 = Debug|Any CPU
		{A795CF09-2A71-4355-B5F2-5B86EF16AE73}.Release|Any CPU.ActiveCfg = Release|Any CPU
		{A795CF09-2A71-4355-B5F2-5B86EF16AE73}.Release|Any CPU.Build.0 = Release|Any CPU
	EndGlobalSection
	GlobalSection(SolutionProperties) = preSolution
		HideSolutionNode = FALSE
	EndGlobalSection
	GlobalSection(ExtensibilityGlobals) = postSolution
		SolutionGuid = {BD44348B-6BCB-48B7-89F5-9A52B39A1856}
	EndGlobalSection
EndGlobal
