
Microsoft Visual Studio Solution File, Format Version 12.00
# Visual Studio Version 17
VisualStudioVersion = 17.1.32407.343
MinimumVisualStudioVersion = 10.0.40219.1
Project("{FAE04EC0-301F-11D3-BF4B-00C04F79EFBC}") = "IotDevices", "IotDevices\IotDevices.csproj", "{A41B2FF3-3439-44F6-9742-E3DD20F52133}"
EndProject
Project("{FAE04EC0-301F-11D3-BF4B-00C04F79EFBC}") = "Translator", "Translator\Translator.csproj", "{3D6287FF-E108-4084-A3E5-1065DFD2A906}"
EndProject
Project("{FAE04EC0-301F-11D3-BF4B-00C04F79EFBC}") = "Translator_BlazorApp", "Translator_BlazorApp\Translator_BlazorApp.csproj", "{F10AA192-2B15-430D-ABF5-F69CF02C5164}"
EndProject
Global
	GlobalSection(SolutionConfigurationPlatforms) = preSolution
		Debug|Any CPU = Debug|Any CPU
		Release|Any CPU = Release|Any CPU
	EndGlobalSection
	GlobalSection(ProjectConfigurationPlatforms) = postSolution
		{A41B2FF3-3439-44F6-9742-E3DD20F52133}.Debug|Any CPU.ActiveCfg = Debug|Any CPU
		{A41B2FF3-3439-44F6-9742-E3DD20F52133}.Debug|Any CPU.Build.0 = Debug|Any CPU
		{A41B2FF3-3439-44F6-9742-E3DD20F52133}.Release|Any CPU.ActiveCfg = Release|Any CPU
		{A41B2FF3-3439-44F6-9742-E3DD20F52133}.Release|Any CPU.Build.0 = Release|Any CPU
		{3D6287FF-E108-4084-A3E5-1065DFD2A906}.Debug|Any CPU.ActiveCfg = Debug|Any CPU
		{3D6287FF-E108-4084-A3E5-1065DFD2A906}.Debug|Any CPU.Build.0 = Debug|Any CPU
		{3D6287FF-E108-4084-A3E5-1065DFD2A906}.Release|Any CPU.ActiveCfg = Release|Any CPU
		{3D6287FF-E108-4084-A3E5-1065DFD2A906}.Release|Any CPU.Build.0 = Release|Any CPU
		{F10AA192-2B15-430D-ABF5-F69CF02C5164}.Debug|Any CPU.ActiveCfg = Debug|Any CPU
		{F10AA192-2B15-430D-ABF5-F69CF02C5164}.Debug|Any CPU.Build.0 = Debug|Any CPU
		{F10AA192-2B15-430D-ABF5-F69CF02C5164}.Release|Any CPU.ActiveCfg = Release|Any CPU
		{F10AA192-2B15-430D-ABF5-F69CF02C5164}.Release|Any CPU.Build.0 = Release|Any CPU
	EndGlobalSection
	GlobalSection(SolutionProperties) = preSolution
		HideSolutionNode = FALSE
	EndGlobalSection
	GlobalSection(ExtensibilityGlobals) = postSolution
		SolutionGuid = {B5852274-8C42-49EA-8FF0-2BB49B224072}
	EndGlobalSection
EndGlobal
